{
  "object": {
    "pins": [
      {
        "package": "Pinball",
        "repositoryURL": "https://github.com/infinitetoken/Pinball",
        "state": {
          "branch": null,
          "revision": "d77aee762384c58571fbca221dece72cbde2c5b8",
          "version": "1.0.0"
        }
      }
    ]
  },
  "version": 1
}
