{
  "object": {
    "pins": [
      {
        "package": "Future",
        "repositoryURL": "https://github.com/infinitetoken/Future",
        "state": {
          "branch": null,
          "revision": "d8f5fe87f1f33cd7e0d45b81e370254a411d3283",
          "version": "1.1.11"
        }
      }
    ]
  },
  "version": 1
}
